
Microsoft Visual Studio Solution File, Format Version 12.00
# Visual Studio Version 17
VisualStudioVersion = 17.6.33723.286
MinimumVisualStudioVersion = 10.0.40219.1
Project("{9A19103F-16F7-4668-BE54-9A1E7A4F7556}") = "AdvancedTopic_FinalProject", "..\AdvanceTopicFinal\AdvancedTopicsAuthDemo\AdvancedTopic_FinalProject.csproj", "{C79178E9-99DD-4EBC-96C8-B2228ECD382A}"
EndProject
Global
	GlobalSection(SolutionConfigurationPlatforms) = preSolution
		Debug|Any CPU = Debug|Any CPU
		Release|Any CPU = Release|Any CPU
	EndGlobalSection
	GlobalSection(ProjectConfigurationPlatforms) = postSolution
		{C79178E9-99DD-4EBC-96C8-B2228ECD382A}.Debug|Any CPU.ActiveCfg = Debug|Any CPU
		{C79178E9-99DD-4EBC-96C8-B2228ECD382A}.Debug|Any CPU.Build.0 = Debug|Any CPU
		{C79178E9-99DD-4EBC-96C8-B2228ECD382A}.Release|Any CPU.ActiveCfg = Release|Any CPU
		{C79178E9-99DD-4EBC-96C8-B2228ECD382A}.Release|Any CPU.Build.0 = Release|Any CPU
	EndGlobalSection
	GlobalSection(SolutionProperties) = preSolution
		HideSolutionNode = FALSE
	EndGlobalSection
	GlobalSection(ExtensibilityGlobals) = postSolution
		SolutionGuid = {404A340F-05FC-49F4-9633-B45EE3ED695B}
	EndGlobalSection
EndGlobal
