
Microsoft Visual Studio Solution File, Format Version 12.00
# Visual Studio Version 17
VisualStudioVersion = 17.7.34024.191
MinimumVisualStudioVersion = 10.0.40219.1
Project("{9A19103F-16F7-4668-BE54-9A1E7A4F7556}") = "AdvancedTopic_FinalProject", "AdvancedTopic_FinalProject.csproj", "{C22AD13C-32A8-48EE-BE57-9C8DBF779C57}"
EndProject
Global
	GlobalSection(SolutionConfigurationPlatforms) = preSolution
		Debug|Any CPU = Debug|Any CPU
		Release|Any CPU = Release|Any CPU
	EndGlobalSection
	GlobalSection(ProjectConfigurationPlatforms) = postSolution
		{C22AD13C-32A8-48EE-BE57-9C8DBF779C57}.Debug|Any CPU.ActiveCfg = Debug|Any CPU
		{C22AD13C-32A8-48EE-BE57-9C8DBF779C57}.Debug|Any CPU.Build.0 = Debug|Any CPU
		{C22AD13C-32A8-48EE-BE57-9C8DBF779C57}.Release|Any CPU.ActiveCfg = Release|Any CPU
		{C22AD13C-32A8-48EE-BE57-9C8DBF779C57}.Release|Any CPU.Build.0 = Release|Any CPU
	EndGlobalSection
	GlobalSection(SolutionProperties) = preSolution
		HideSolutionNode = FALSE
	EndGlobalSection
	GlobalSection(ExtensibilityGlobals) = postSolution
		SolutionGuid = {54309B8B-CE0B-477D-A735-47DF92B14C68}
	EndGlobalSection
EndGlobal
